
Microsoft Visual Studio Solution File, Format Version 12.00
# Visual Studio 14
VisualStudioVersion = 14.0.23107.0
MinimumVisualStudioVersion = 10.0.40219.1
Project("{8BC9CEB8-8B4A-11D0-8D11-00A0C91BC942}") = "CMPonZ2", "CMPonZ2\CMPonZ2.vcxproj", "{67560AC1-ED05-421E-A3E0-FAF02C350E1A}"
EndProject
Project("{8BC9CEB8-8B4A-11D0-8D11-00A0C91BC942}") = "Eden", "Eden\Eden.vcxproj", "{2634914B-7B9C-4F05-B426-66C993F835CE}"
EndProject
Project("{8BC9CEB8-8B4A-11D0-8D11-00A0C91BC942}") = "HammersleyTree", "HammersleyTree\HammersleyTree.vcxproj", "{88F70C8F-85EC-4A60-AF37-66046B7963B6}"
EndProject
Project("{8BC9CEB8-8B4A-11D0-8D11-00A0C91BC942}") = "iDLA_2D", "iDLA_2D\iDLA_2D.vcxproj", "{A5F19014-1203-4D0E-A19F-CBB688010BFB}"
EndProject
Project("{8BC9CEB8-8B4A-11D0-8D11-00A0C91BC942}") = "ImageViewer", "ImageViewer\ImageViewer.vcxproj", "{3A93819B-B563-4A60-80FF-FBB3381D6F46}"
EndProject
Project("{8BC9CEB8-8B4A-11D0-8D11-00A0C91BC942}") = "lattice-eDLA_2D", "lattice-eDLA_2D\lattice-eDLA_2D.vcxproj", "{0AE36196-7237-4216-AE8D-4C0DA9F84DCB}"
EndProject
Project("{8BC9CEB8-8B4A-11D0-8D11-00A0C91BC942}") = "LERRW_2D", "LERRW_2D\LERRW_2D.vcxproj", "{5585AA8D-695D-4439-9B8C-002765B8409E}"
EndProject
Project("{8BC9CEB8-8B4A-11D0-8D11-00A0C91BC942}") = "Mandelbrot", "Mandelbrot\Mandelbrot.vcxproj", "{D0E16C70-D504-4BD2-90A1-6ED5722B95FD}"
EndProject
Project("{8BC9CEB8-8B4A-11D0-8D11-00A0C91BC942}") = "OERRW_2D", "OERRW_2D\OERRW_2D.vcxproj", "{C0315EC5-9AFC-4B0F-8104-E025EFB96BD4}"
EndProject
Project("{8BC9CEB8-8B4A-11D0-8D11-00A0C91BC942}") = "offlattice-eDLA_2D", "offlattice-eDLA_2D\offlattice-eDLA_2D.vcxproj", "{4F22559D-8D37-4DE3-9035-A96A133137F7}"
EndProject
Project("{8BC9CEB8-8B4A-11D0-8D11-00A0C91BC942}") = "SRW_1D", "SRW_1D\SRW_1D.vcxproj", "{7A3F8BE8-1825-443C-9420-8CBC6C35F5E4}"
EndProject
Project("{8BC9CEB8-8B4A-11D0-8D11-00A0C91BC942}") = "TreeEden", "TreeEden\TreeEden.vcxproj", "{7B787B92-8840-4D3D-8A36-65079C98F3A9}"
EndProject
Global
	GlobalSection(SolutionConfigurationPlatforms) = preSolution
		Debug|x64 = Debug|x64
		Debug|x86 = Debug|x86
		Release|x64 = Release|x64
		Release|x86 = Release|x86
	EndGlobalSection
	GlobalSection(ProjectConfigurationPlatforms) = postSolution
		{67560AC1-ED05-421E-A3E0-FAF02C350E1A}.Debug|x64.ActiveCfg = Debug|x64
		{67560AC1-ED05-421E-A3E0-FAF02C350E1A}.Debug|x64.Build.0 = Debug|x64
		{67560AC1-ED05-421E-A3E0-FAF02C350E1A}.Debug|x86.ActiveCfg = Debug|Win32
		{67560AC1-ED05-421E-A3E0-FAF02C350E1A}.Debug|x86.Build.0 = Debug|Win32
		{67560AC1-ED05-421E-A3E0-FAF02C350E1A}.Release|x64.ActiveCfg = Release|x64
		{67560AC1-ED05-421E-A3E0-FAF02C350E1A}.Release|x64.Build.0 = Release|x64
		{67560AC1-ED05-421E-A3E0-FAF02C350E1A}.Release|x86.ActiveCfg = Release|Win32
		{67560AC1-ED05-421E-A3E0-FAF02C350E1A}.Release|x86.Build.0 = Release|Win32
		{2634914B-7B9C-4F05-B426-66C993F835CE}.Debug|x64.ActiveCfg = Debug|x64
		{2634914B-7B9C-4F05-B426-66C993F835CE}.Debug|x64.Build.0 = Debug|x64
		{2634914B-7B9C-4F05-B426-66C993F835CE}.Debug|x86.ActiveCfg = Debug|Win32
		{2634914B-7B9C-4F05-B426-66C993F835CE}.Debug|x86.Build.0 = Debug|Win32
		{2634914B-7B9C-4F05-B426-66C993F835CE}.Release|x64.ActiveCfg = Release|x64
		{2634914B-7B9C-4F05-B426-66C993F835CE}.Release|x64.Build.0 = Release|x64
		{2634914B-7B9C-4F05-B426-66C993F835CE}.Release|x86.ActiveCfg = Release|Win32
		{2634914B-7B9C-4F05-B426-66C993F835CE}.Release|x86.Build.0 = Release|Win32
		{88F70C8F-85EC-4A60-AF37-66046B7963B6}.Debug|x64.ActiveCfg = Debug|x64
		{88F70C8F-85EC-4A60-AF37-66046B7963B6}.Debug|x64.Build.0 = Debug|x64
		{88F70C8F-85EC-4A60-AF37-66046B7963B6}.Debug|x86.ActiveCfg = Debug|Win32
		{88F70C8F-85EC-4A60-AF37-66046B7963B6}.Debug|x86.Build.0 = Debug|Win32
		{88F70C8F-85EC-4A60-AF37-66046B7963B6}.Release|x64.ActiveCfg = Release|x64
		{88F70C8F-85EC-4A60-AF37-66046B7963B6}.Release|x64.Build.0 = Release|x64
		{88F70C8F-85EC-4A60-AF37-66046B7963B6}.Release|x86.ActiveCfg = Release|Win32
		{88F70C8F-85EC-4A60-AF37-66046B7963B6}.Release|x86.Build.0 = Release|Win32
		{A5F19014-1203-4D0E-A19F-CBB688010BFB}.Debug|x64.ActiveCfg = Debug|x64
		{A5F19014-1203-4D0E-A19F-CBB688010BFB}.Debug|x64.Build.0 = Debug|x64
		{A5F19014-1203-4D0E-A19F-CBB688010BFB}.Debug|x86.ActiveCfg = Debug|Win32
		{A5F19014-1203-4D0E-A19F-CBB688010BFB}.Debug|x86.Build.0 = Debug|Win32
		{A5F19014-1203-4D0E-A19F-CBB688010BFB}.Release|x64.ActiveCfg = Release|x64
		{A5F19014-1203-4D0E-A19F-CBB688010BFB}.Release|x64.Build.0 = Release|x64
		{A5F19014-1203-4D0E-A19F-CBB688010BFB}.Release|x86.ActiveCfg = Release|Win32
		{A5F19014-1203-4D0E-A19F-CBB688010BFB}.Release|x86.Build.0 = Release|Win32
		{3A93819B-B563-4A60-80FF-FBB3381D6F46}.Debug|x64.ActiveCfg = Debug|x64
		{3A93819B-B563-4A60-80FF-FBB3381D6F46}.Debug|x64.Build.0 = Debug|x64
		{3A93819B-B563-4A60-80FF-FBB3381D6F46}.Debug|x86.ActiveCfg = Debug|Win32
		{3A93819B-B563-4A60-80FF-FBB3381D6F46}.Debug|x86.Build.0 = Debug|Win32
		{3A93819B-B563-4A60-80FF-FBB3381D6F46}.Release|x64.ActiveCfg = Release|x64
		{3A93819B-B563-4A60-80FF-FBB3381D6F46}.Release|x64.Build.0 = Release|x64
		{3A93819B-B563-4A60-80FF-FBB3381D6F46}.Release|x86.ActiveCfg = Release|Win32
		{3A93819B-B563-4A60-80FF-FBB3381D6F46}.Release|x86.Build.0 = Release|Win32
		{0AE36196-7237-4216-AE8D-4C0DA9F84DCB}.Debug|x64.ActiveCfg = Debug|x64
		{0AE36196-7237-4216-AE8D-4C0DA9F84DCB}.Debug|x64.Build.0 = Debug|x64
		{0AE36196-7237-4216-AE8D-4C0DA9F84DCB}.Debug|x86.ActiveCfg = Debug|Win32
		{0AE36196-7237-4216-AE8D-4C0DA9F84DCB}.Debug|x86.Build.0 = Debug|Win32
		{0AE36196-7237-4216-AE8D-4C0DA9F84DCB}.Release|x64.ActiveCfg = Release|x64
		{0AE36196-7237-4216-AE8D-4C0DA9F84DCB}.Release|x64.Build.0 = Release|x64
		{0AE36196-7237-4216-AE8D-4C0DA9F84DCB}.Release|x86.ActiveCfg = Release|Win32
		{0AE36196-7237-4216-AE8D-4C0DA9F84DCB}.Release|x86.Build.0 = Release|Win32
		{5585AA8D-695D-4439-9B8C-002765B8409E}.Debug|x64.ActiveCfg = Debug|x64
		{5585AA8D-695D-4439-9B8C-002765B8409E}.Debug|x64.Build.0 = Debug|x64
		{5585AA8D-695D-4439-9B8C-002765B8409E}.Debug|x86.ActiveCfg = Debug|Win32
		{5585AA8D-695D-4439-9B8C-002765B8409E}.Debug|x86.Build.0 = Debug|Win32
		{5585AA8D-695D-4439-9B8C-002765B8409E}.Release|x64.ActiveCfg = Release|x64
		{5585AA8D-695D-4439-9B8C-002765B8409E}.Release|x64.Build.0 = Release|x64
		{5585AA8D-695D-4439-9B8C-002765B8409E}.Release|x86.ActiveCfg = Release|Win32
		{5585AA8D-695D-4439-9B8C-002765B8409E}.Release|x86.Build.0 = Release|Win32
		{D0E16C70-D504-4BD2-90A1-6ED5722B95FD}.Debug|x64.ActiveCfg = Debug|x64
		{D0E16C70-D504-4BD2-90A1-6ED5722B95FD}.Debug|x64.Build.0 = Debug|x64
		{D0E16C70-D504-4BD2-90A1-6ED5722B95FD}.Debug|x86.ActiveCfg = Debug|Win32
		{D0E16C70-D504-4BD2-90A1-6ED5722B95FD}.Debug|x86.Build.0 = Debug|Win32
		{D0E16C70-D504-4BD2-90A1-6ED5722B95FD}.Release|x64.ActiveCfg = Release|x64
		{D0E16C70-D504-4BD2-90A1-6ED5722B95FD}.Release|x64.Build.0 = Release|x64
		{D0E16C70-D504-4BD2-90A1-6ED5722B95FD}.Release|x86.ActiveCfg = Release|Win32
		{D0E16C70-D504-4BD2-90A1-6ED5722B95FD}.Release|x86.Build.0 = Release|Win32
		{C0315EC5-9AFC-4B0F-8104-E025EFB96BD4}.Debug|x64.ActiveCfg = Debug|x64
		{C0315EC5-9AFC-4B0F-8104-E025EFB96BD4}.Debug|x64.Build.0 = Debug|x64
		{C0315EC5-9AFC-4B0F-8104-E025EFB96BD4}.Debug|x86.ActiveCfg = Debug|Win32
		{C0315EC5-9AFC-4B0F-8104-E025EFB96BD4}.Debug|x86.Build.0 = Debug|Win32
		{C0315EC5-9AFC-4B0F-8104-E025EFB96BD4}.Release|x64.ActiveCfg = Release|x64
		{C0315EC5-9AFC-4B0F-8104-E025EFB96BD4}.Release|x64.Build.0 = Release|x64
		{C0315EC5-9AFC-4B0F-8104-E025EFB96BD4}.Release|x86.ActiveCfg = Release|Win32
		{C0315EC5-9AFC-4B0F-8104-E025EFB96BD4}.Release|x86.Build.0 = Release|Win32
		{4F22559D-8D37-4DE3-9035-A96A133137F7}.Debug|x64.ActiveCfg = Debug|x64
		{4F22559D-8D37-4DE3-9035-A96A133137F7}.Debug|x64.Build.0 = Debug|x64
		{4F22559D-8D37-4DE3-9035-A96A133137F7}.Debug|x86.ActiveCfg = Debug|Win32
		{4F22559D-8D37-4DE3-9035-A96A133137F7}.Debug|x86.Build.0 = Debug|Win32
		{4F22559D-8D37-4DE3-9035-A96A133137F7}.Release|x64.ActiveCfg = Release|x64
		{4F22559D-8D37-4DE3-9035-A96A133137F7}.Release|x64.Build.0 = Release|x64
		{4F22559D-8D37-4DE3-9035-A96A133137F7}.Release|x86.ActiveCfg = Release|Win32
		{4F22559D-8D37-4DE3-9035-A96A133137F7}.Release|x86.Build.0 = Release|Win32
		{7A3F8BE8-1825-443C-9420-8CBC6C35F5E4}.Debug|x64.ActiveCfg = Debug|x64
		{7A3F8BE8-1825-443C-9420-8CBC6C35F5E4}.Debug|x64.Build.0 = Debug|x64
		{7A3F8BE8-1825-443C-9420-8CBC6C35F5E4}.Debug|x86.ActiveCfg = Debug|Win32
		{7A3F8BE8-1825-443C-9420-8CBC6C35F5E4}.Debug|x86.Build.0 = Debug|Win32
		{7A3F8BE8-1825-443C-9420-8CBC6C35F5E4}.Release|x64.ActiveCfg = Release|x64
		{7A3F8BE8-1825-443C-9420-8CBC6C35F5E4}.Release|x64.Build.0 = Release|x64
		{7A3F8BE8-1825-443C-9420-8CBC6C35F5E4}.Release|x86.ActiveCfg = Release|Win32
		{7A3F8BE8-1825-443C-9420-8CBC6C35F5E4}.Release|x86.Build.0 = Release|Win32
		{7B787B92-8840-4D3D-8A36-65079C98F3A9}.Debug|x64.ActiveCfg = Debug|x64
		{7B787B92-8840-4D3D-8A36-65079C98F3A9}.Debug|x64.Build.0 = Debug|x64
		{7B787B92-8840-4D3D-8A36-65079C98F3A9}.Debug|x86.ActiveCfg = Debug|Win32
		{7B787B92-8840-4D3D-8A36-65079C98F3A9}.Debug|x86.Build.0 = Debug|Win32
		{7B787B92-8840-4D3D-8A36-65079C98F3A9}.Release|x64.ActiveCfg = Release|x64
		{7B787B92-8840-4D3D-8A36-65079C98F3A9}.Release|x64.Build.0 = Release|x64
		{7B787B92-8840-4D3D-8A36-65079C98F3A9}.Release|x86.ActiveCfg = Release|Win32
		{7B787B92-8840-4D3D-8A36-65079C98F3A9}.Release|x86.Build.0 = Release|Win32
	EndGlobalSection
	GlobalSection(SolutionProperties) = preSolution
		HideSolutionNode = FALSE
	EndGlobalSection
EndGlobal
