
Microsoft Visual Studio Solution File, Format Version 12.00
# Visual Studio 14
VisualStudioVersion = 14.0.25420.1
MinimumVisualStudioVersion = 10.0.40219.1
Project("{8BC9CEB8-8B4A-11D0-8D11-00A0C91BC942}") = "CMPonZ2", "CMPonZ2\CMPonZ2.vcxproj", "{4CC1AFCB-D80A-40E8-9B4B-59025EE5F65D}"
EndProject
Project("{8BC9CEB8-8B4A-11D0-8D11-00A0C91BC942}") = "Eden", "Eden\Eden.vcxproj", "{05015D9F-06F4-4939-ACF4-74E3775ECE80}"
EndProject
Project("{8BC9CEB8-8B4A-11D0-8D11-00A0C91BC942}") = "HammersleyTree", "HammersleyTree\HammersleyTree.vcxproj", "{E3BC54F2-98EF-4DE2-BF2C-B84830896346}"
EndProject
Project("{8BC9CEB8-8B4A-11D0-8D11-00A0C91BC942}") = "iDLA_2D", "iDLA_2D\iDLA_2D.vcxproj", "{983E8BB2-52D4-4AB1-9829-CFD35FB3E5CC}"
EndProject
Project("{8BC9CEB8-8B4A-11D0-8D11-00A0C91BC942}") = "imageViewer", "imageViewer\imageViewer.vcxproj", "{53025E7D-EC12-41F4-9EA0-B459DD20F5E0}"
EndProject
Project("{8BC9CEB8-8B4A-11D0-8D11-00A0C91BC942}") = "lattice-eDLA_2D", "lattice-eDLA_2D\lattice-eDLA_2D.vcxproj", "{B9496176-C994-4C54-8CFD-72A9174E6D03}"
EndProject
Project("{8BC9CEB8-8B4A-11D0-8D11-00A0C91BC942}") = "LERRW_2D", "LERRW_2D\LERRW_2D.vcxproj", "{C185E6BF-5F22-40D7-A038-0953D22760BB}"
EndProject
Project("{8BC9CEB8-8B4A-11D0-8D11-00A0C91BC942}") = "Mandelbrot", "Mandelbrot\Mandelbrot.vcxproj", "{D1E57CBA-25EF-497B-84F1-409977D7ABBB}"
EndProject
Project("{8BC9CEB8-8B4A-11D0-8D11-00A0C91BC942}") = "OERRW_2D", "OERRW_2D\OERRW_2D.vcxproj", "{67EAFA1D-7264-4A79-86EE-2CF625855C79}"
EndProject
Project("{8BC9CEB8-8B4A-11D0-8D11-00A0C91BC942}") = "offlattice-eDLA_2D", "offlattice-eDLA_2D\offlattice-eDLA_2D.vcxproj", "{993CED13-2030-4EA3-A578-4801DBA92AE6}"
EndProject
Project("{8BC9CEB8-8B4A-11D0-8D11-00A0C91BC942}") = "SRW_1D", "SRW_1D\SRW_1D.vcxproj", "{FE685466-EB77-416C-A368-EF8C45D5FF0B}"
EndProject
Project("{8BC9CEB8-8B4A-11D0-8D11-00A0C91BC942}") = "TreeEden", "TreeEden\TreeEden.vcxproj", "{B67CB838-068C-43CC-AD7B-B65229BFC4AF}"
EndProject
Project("{8BC9CEB8-8B4A-11D0-8D11-00A0C91BC942}") = "infiniteNoodle", "infiniteNoodle\infiniteNoodle.vcxproj", "{95E75218-93D8-45BA-95D3-90E4AA51CD4F}"
EndProject
Global
	GlobalSection(SolutionConfigurationPlatforms) = preSolution
		Debug|x64 = Debug|x64
		Debug|x86 = Debug|x86
		Release|x64 = Release|x64
		Release|x86 = Release|x86
	EndGlobalSection
	GlobalSection(ProjectConfigurationPlatforms) = postSolution
		{4CC1AFCB-D80A-40E8-9B4B-59025EE5F65D}.Debug|x64.ActiveCfg = Debug|x64
		{4CC1AFCB-D80A-40E8-9B4B-59025EE5F65D}.Debug|x64.Build.0 = Debug|x64
		{4CC1AFCB-D80A-40E8-9B4B-59025EE5F65D}.Debug|x86.ActiveCfg = Debug|Win32
		{4CC1AFCB-D80A-40E8-9B4B-59025EE5F65D}.Debug|x86.Build.0 = Debug|Win32
		{4CC1AFCB-D80A-40E8-9B4B-59025EE5F65D}.Release|x64.ActiveCfg = Release|x64
		{4CC1AFCB-D80A-40E8-9B4B-59025EE5F65D}.Release|x64.Build.0 = Release|x64
		{4CC1AFCB-D80A-40E8-9B4B-59025EE5F65D}.Release|x86.ActiveCfg = Release|Win32
		{4CC1AFCB-D80A-40E8-9B4B-59025EE5F65D}.Release|x86.Build.0 = Release|Win32
		{05015D9F-06F4-4939-ACF4-74E3775ECE80}.Debug|x64.ActiveCfg = Debug|x64
		{05015D9F-06F4-4939-ACF4-74E3775ECE80}.Debug|x64.Build.0 = Debug|x64
		{05015D9F-06F4-4939-ACF4-74E3775ECE80}.Debug|x86.ActiveCfg = Debug|Win32
		{05015D9F-06F4-4939-ACF4-74E3775ECE80}.Debug|x86.Build.0 = Debug|Win32
		{05015D9F-06F4-4939-ACF4-74E3775ECE80}.Release|x64.ActiveCfg = Release|x64
		{05015D9F-06F4-4939-ACF4-74E3775ECE80}.Release|x64.Build.0 = Release|x64
		{05015D9F-06F4-4939-ACF4-74E3775ECE80}.Release|x86.ActiveCfg = Release|Win32
		{05015D9F-06F4-4939-ACF4-74E3775ECE80}.Release|x86.Build.0 = Release|Win32
		{E3BC54F2-98EF-4DE2-BF2C-B84830896346}.Debug|x64.ActiveCfg = Debug|x64
		{E3BC54F2-98EF-4DE2-BF2C-B84830896346}.Debug|x64.Build.0 = Debug|x64
		{E3BC54F2-98EF-4DE2-BF2C-B84830896346}.Debug|x86.ActiveCfg = Debug|Win32
		{E3BC54F2-98EF-4DE2-BF2C-B84830896346}.Debug|x86.Build.0 = Debug|Win32
		{E3BC54F2-98EF-4DE2-BF2C-B84830896346}.Release|x64.ActiveCfg = Release|x64
		{E3BC54F2-98EF-4DE2-BF2C-B84830896346}.Release|x64.Build.0 = Release|x64
		{E3BC54F2-98EF-4DE2-BF2C-B84830896346}.Release|x86.ActiveCfg = Release|Win32
		{E3BC54F2-98EF-4DE2-BF2C-B84830896346}.Release|x86.Build.0 = Release|Win32
		{983E8BB2-52D4-4AB1-9829-CFD35FB3E5CC}.Debug|x64.ActiveCfg = Debug|x64
		{983E8BB2-52D4-4AB1-9829-CFD35FB3E5CC}.Debug|x64.Build.0 = Debug|x64
		{983E8BB2-52D4-4AB1-9829-CFD35FB3E5CC}.Debug|x86.ActiveCfg = Debug|Win32
		{983E8BB2-52D4-4AB1-9829-CFD35FB3E5CC}.Debug|x86.Build.0 = Debug|Win32
		{983E8BB2-52D4-4AB1-9829-CFD35FB3E5CC}.Release|x64.ActiveCfg = Release|x64
		{983E8BB2-52D4-4AB1-9829-CFD35FB3E5CC}.Release|x64.Build.0 = Release|x64
		{983E8BB2-52D4-4AB1-9829-CFD35FB3E5CC}.Release|x86.ActiveCfg = Release|Win32
		{983E8BB2-52D4-4AB1-9829-CFD35FB3E5CC}.Release|x86.Build.0 = Release|Win32
		{53025E7D-EC12-41F4-9EA0-B459DD20F5E0}.Debug|x64.ActiveCfg = Debug|x64
		{53025E7D-EC12-41F4-9EA0-B459DD20F5E0}.Debug|x64.Build.0 = Debug|x64
		{53025E7D-EC12-41F4-9EA0-B459DD20F5E0}.Debug|x86.ActiveCfg = Debug|Win32
		{53025E7D-EC12-41F4-9EA0-B459DD20F5E0}.Debug|x86.Build.0 = Debug|Win32
		{53025E7D-EC12-41F4-9EA0-B459DD20F5E0}.Release|x64.ActiveCfg = Release|x64
		{53025E7D-EC12-41F4-9EA0-B459DD20F5E0}.Release|x64.Build.0 = Release|x64
		{53025E7D-EC12-41F4-9EA0-B459DD20F5E0}.Release|x86.ActiveCfg = Release|Win32
		{53025E7D-EC12-41F4-9EA0-B459DD20F5E0}.Release|x86.Build.0 = Release|Win32
		{B9496176-C994-4C54-8CFD-72A9174E6D03}.Debug|x64.ActiveCfg = Debug|x64
		{B9496176-C994-4C54-8CFD-72A9174E6D03}.Debug|x64.Build.0 = Debug|x64
		{B9496176-C994-4C54-8CFD-72A9174E6D03}.Debug|x86.ActiveCfg = Debug|Win32
		{B9496176-C994-4C54-8CFD-72A9174E6D03}.Debug|x86.Build.0 = Debug|Win32
		{B9496176-C994-4C54-8CFD-72A9174E6D03}.Release|x64.ActiveCfg = Release|x64
		{B9496176-C994-4C54-8CFD-72A9174E6D03}.Release|x64.Build.0 = Release|x64
		{B9496176-C994-4C54-8CFD-72A9174E6D03}.Release|x86.ActiveCfg = Release|Win32
		{B9496176-C994-4C54-8CFD-72A9174E6D03}.Release|x86.Build.0 = Release|Win32
		{C185E6BF-5F22-40D7-A038-0953D22760BB}.Debug|x64.ActiveCfg = Debug|x64
		{C185E6BF-5F22-40D7-A038-0953D22760BB}.Debug|x64.Build.0 = Debug|x64
		{C185E6BF-5F22-40D7-A038-0953D22760BB}.Debug|x86.ActiveCfg = Debug|Win32
		{C185E6BF-5F22-40D7-A038-0953D22760BB}.Debug|x86.Build.0 = Debug|Win32
		{C185E6BF-5F22-40D7-A038-0953D22760BB}.Release|x64.ActiveCfg = Release|x64
		{C185E6BF-5F22-40D7-A038-0953D22760BB}.Release|x64.Build.0 = Release|x64
		{C185E6BF-5F22-40D7-A038-0953D22760BB}.Release|x86.ActiveCfg = Release|Win32
		{C185E6BF-5F22-40D7-A038-0953D22760BB}.Release|x86.Build.0 = Release|Win32
		{D1E57CBA-25EF-497B-84F1-409977D7ABBB}.Debug|x64.ActiveCfg = Debug|x64
		{D1E57CBA-25EF-497B-84F1-409977D7ABBB}.Debug|x64.Build.0 = Debug|x64
		{D1E57CBA-25EF-497B-84F1-409977D7ABBB}.Debug|x86.ActiveCfg = Debug|Win32
		{D1E57CBA-25EF-497B-84F1-409977D7ABBB}.Debug|x86.Build.0 = Debug|Win32
		{D1E57CBA-25EF-497B-84F1-409977D7ABBB}.Release|x64.ActiveCfg = Release|x64
		{D1E57CBA-25EF-497B-84F1-409977D7ABBB}.Release|x64.Build.0 = Release|x64
		{D1E57CBA-25EF-497B-84F1-409977D7ABBB}.Release|x86.ActiveCfg = Release|Win32
		{D1E57CBA-25EF-497B-84F1-409977D7ABBB}.Release|x86.Build.0 = Release|Win32
		{67EAFA1D-7264-4A79-86EE-2CF625855C79}.Debug|x64.ActiveCfg = Debug|x64
		{67EAFA1D-7264-4A79-86EE-2CF625855C79}.Debug|x64.Build.0 = Debug|x64
		{67EAFA1D-7264-4A79-86EE-2CF625855C79}.Debug|x86.ActiveCfg = Debug|Win32
		{67EAFA1D-7264-4A79-86EE-2CF625855C79}.Debug|x86.Build.0 = Debug|Win32
		{67EAFA1D-7264-4A79-86EE-2CF625855C79}.Release|x64.ActiveCfg = Release|x64
		{67EAFA1D-7264-4A79-86EE-2CF625855C79}.Release|x64.Build.0 = Release|x64
		{67EAFA1D-7264-4A79-86EE-2CF625855C79}.Release|x86.ActiveCfg = Release|Win32
		{67EAFA1D-7264-4A79-86EE-2CF625855C79}.Release|x86.Build.0 = Release|Win32
		{993CED13-2030-4EA3-A578-4801DBA92AE6}.Debug|x64.ActiveCfg = Debug|x64
		{993CED13-2030-4EA3-A578-4801DBA92AE6}.Debug|x64.Build.0 = Debug|x64
		{993CED13-2030-4EA3-A578-4801DBA92AE6}.Debug|x86.ActiveCfg = Debug|Win32
		{993CED13-2030-4EA3-A578-4801DBA92AE6}.Debug|x86.Build.0 = Debug|Win32
		{993CED13-2030-4EA3-A578-4801DBA92AE6}.Release|x64.ActiveCfg = Release|x64
		{993CED13-2030-4EA3-A578-4801DBA92AE6}.Release|x64.Build.0 = Release|x64
		{993CED13-2030-4EA3-A578-4801DBA92AE6}.Release|x86.ActiveCfg = Release|Win32
		{993CED13-2030-4EA3-A578-4801DBA92AE6}.Release|x86.Build.0 = Release|Win32
		{FE685466-EB77-416C-A368-EF8C45D5FF0B}.Debug|x64.ActiveCfg = Debug|x64
		{FE685466-EB77-416C-A368-EF8C45D5FF0B}.Debug|x64.Build.0 = Debug|x64
		{FE685466-EB77-416C-A368-EF8C45D5FF0B}.Debug|x86.ActiveCfg = Debug|Win32
		{FE685466-EB77-416C-A368-EF8C45D5FF0B}.Debug|x86.Build.0 = Debug|Win32
		{FE685466-EB77-416C-A368-EF8C45D5FF0B}.Release|x64.ActiveCfg = Release|x64
		{FE685466-EB77-416C-A368-EF8C45D5FF0B}.Release|x64.Build.0 = Release|x64
		{FE685466-EB77-416C-A368-EF8C45D5FF0B}.Release|x86.ActiveCfg = Release|Win32
		{FE685466-EB77-416C-A368-EF8C45D5FF0B}.Release|x86.Build.0 = Release|Win32
		{B67CB838-068C-43CC-AD7B-B65229BFC4AF}.Debug|x64.ActiveCfg = Debug|x64
		{B67CB838-068C-43CC-AD7B-B65229BFC4AF}.Debug|x64.Build.0 = Debug|x64
		{B67CB838-068C-43CC-AD7B-B65229BFC4AF}.Debug|x86.ActiveCfg = Debug|Win32
		{B67CB838-068C-43CC-AD7B-B65229BFC4AF}.Debug|x86.Build.0 = Debug|Win32
		{B67CB838-068C-43CC-AD7B-B65229BFC4AF}.Release|x64.ActiveCfg = Release|x64
		{B67CB838-068C-43CC-AD7B-B65229BFC4AF}.Release|x64.Build.0 = Release|x64
		{B67CB838-068C-43CC-AD7B-B65229BFC4AF}.Release|x86.ActiveCfg = Release|Win32
		{B67CB838-068C-43CC-AD7B-B65229BFC4AF}.Release|x86.Build.0 = Release|Win32
		{95E75218-93D8-45BA-95D3-90E4AA51CD4F}.Debug|x64.ActiveCfg = Debug|x64
		{95E75218-93D8-45BA-95D3-90E4AA51CD4F}.Debug|x64.Build.0 = Debug|x64
		{95E75218-93D8-45BA-95D3-90E4AA51CD4F}.Debug|x86.ActiveCfg = Debug|Win32
		{95E75218-93D8-45BA-95D3-90E4AA51CD4F}.Debug|x86.Build.0 = Debug|Win32
		{95E75218-93D8-45BA-95D3-90E4AA51CD4F}.Release|x64.ActiveCfg = Release|x64
		{95E75218-93D8-45BA-95D3-90E4AA51CD4F}.Release|x64.Build.0 = Release|x64
		{95E75218-93D8-45BA-95D3-90E4AA51CD4F}.Release|x86.ActiveCfg = Release|Win32
		{95E75218-93D8-45BA-95D3-90E4AA51CD4F}.Release|x86.Build.0 = Release|Win32
	EndGlobalSection
	GlobalSection(SolutionProperties) = preSolution
		HideSolutionNode = FALSE
	EndGlobalSection
EndGlobal
