<?xml version="1.0" encoding="utf-8"?>
<Project ToolsVersion="4.0" xmlns="http://schemas.microsoft.com/developer/msbuild/2003">
  <ItemGroup>
    <Filter Include="Source Files">
      <UniqueIdentifier>{4FC737F1-C7A5-4376-A066-2A32D752A2FF}</UniqueIdentifier>
      <Extensions>cpp;c;cc;cxx;def;odl;idl;hpj;bat;asm;asmx</Extensions>
    </Filter>
    <Filter Include="Header Files">
      <UniqueIdentifier>{93995380-89BD-4b04-88EB-625FBE52EBFB}</UniqueIdentifier>
      <Extensions>h;hh;hpp;hxx;hm;inl;inc;xsd</Extensions>
    </Filter>
    <Filter Include="Resource Files">
      <UniqueIdentifier>{67DA6AB6-F800-4c08-8B7A-83BB121AAD01}</UniqueIdentifier>
      <Extensions>rc;ico;cur;bmp;dlg;rc2;rct;bin;rgs;gif;jpg;jpeg;jpe;resx;tiff;tif;png;wav;mfcribbon-ms</Extensions>
    </Filter>
    <Filter Include="Header Files\containers">
      <UniqueIdentifier>{2be30f98-0ad6-43ea-9f4a-baac1d6761c8}</UniqueIdentifier>
    </Filter>
    <Filter Include="Header Files\graphics">
      <UniqueIdentifier>{af5801ee-17c3-4075-b988-13eea7a7edcb}</UniqueIdentifier>
    </Filter>
    <Filter Include="Header Files\io">
      <UniqueIdentifier>{9e0be65b-b365-4fe9-a925-12cced71dc48}</UniqueIdentifier>
    </Filter>
    <Filter Include="Header Files\maths">
      <UniqueIdentifier>{ce0c3c41-f8a4-4af7-b224-5a7be3bcce55}</UniqueIdentifier>
    </Filter>
    <Filter Include="Header Files\misc">
      <UniqueIdentifier>{3dcbb432-b09b-4f3d-9835-74463a39108d}</UniqueIdentifier>
    </Filter>
    <Filter Include="Header Files\random">
      <UniqueIdentifier>{87c52711-b343-477b-8a29-0ff72fc9faf7}</UniqueIdentifier>
    </Filter>
    <Filter Include="Header Files\extensions">
      <UniqueIdentifier>{9bc38574-33d2-42fa-a3ea-6c5a925b40d5}</UniqueIdentifier>
    </Filter>
    <Filter Include="Header Files\containers\internal">
      <UniqueIdentifier>{71e32d35-143d-4bee-945c-999fc46c7e66}</UniqueIdentifier>
    </Filter>
    <Filter Include="Header Files\io\internal">
      <UniqueIdentifier>{52b36d68-5b7d-4cc0-a318-7527920fccba}</UniqueIdentifier>
    </Filter>
    <Filter Include="Header Files\maths\internal">
      <UniqueIdentifier>{7a52fb3a-30b4-4563-951a-333d92eeb69b}</UniqueIdentifier>
    </Filter>
    <Filter Include="Header Files\misc\internal">
      <UniqueIdentifier>{71d0ba75-3965-4662-b99e-d39917c25fe6}</UniqueIdentifier>
    </Filter>
    <Filter Include="Header Files\random\internal">
      <UniqueIdentifier>{3a3653b7-1c5b-47fd-9251-02fa10e98a1d}</UniqueIdentifier>
    </Filter>
    <Filter Include="Header Files\graphics\internal">
      <UniqueIdentifier>{8a11746d-4bd0-4e09-a46e-2f1c0a425f85}</UniqueIdentifier>
    </Filter>
  </ItemGroup>
  <ItemGroup>
    <ClInclude Include="headers\containers\grid_basic.hpp">
      <Filter>Header Files\containers</Filter>
    </ClInclude>
    <ClInclude Include="headers\containers\grid_factor.hpp">
      <Filter>Header Files\containers</Filter>
    </ClInclude>
    <ClInclude Include="headers\graphics\customcimg.hpp">
      <Filter>Header Files\graphics</Filter>
    </ClInclude>
    <ClInclude Include="headers\graphics\edgesiteimage.hpp">
      <Filter>Header Files\graphics</Filter>
    </ClInclude>
    <ClInclude Include="headers\graphics\rgbc.hpp">
      <Filter>Header Files\graphics</Filter>
    </ClInclude>
    <ClInclude Include="headers\graphics\simpleBMP.hpp">
      <Filter>Header Files\graphics</Filter>
    </ClInclude>
    <ClInclude Include="headers\io\fileio.hpp">
      <Filter>Header Files\io</Filter>
    </ClInclude>
    <ClInclude Include="headers\io\logfile.hpp">
      <Filter>Header Files\io</Filter>
    </ClInclude>
    <ClInclude Include="headers\maths\vec.hpp">
      <Filter>Header Files\maths</Filter>
    </ClInclude>
    <ClInclude Include="headers\misc\error.hpp">
      <Filter>Header Files\misc</Filter>
    </ClInclude>
    <ClInclude Include="headers\misc\memory.hpp">
      <Filter>Header Files\misc</Filter>
    </ClInclude>
    <ClInclude Include="headers\misc\metaprog.hpp">
      <Filter>Header Files\misc</Filter>
    </ClInclude>
    <ClInclude Include="headers\misc\misc.hpp">
      <Filter>Header Files\misc</Filter>
    </ClInclude>
    <ClInclude Include="headers\misc\stringfct.hpp">
      <Filter>Header Files\misc</Filter>
    </ClInclude>
    <ClInclude Include="headers\misc\timefct.hpp">
      <Filter>Header Files\misc</Filter>
    </ClInclude>
    <ClInclude Include="headers\mtools.hpp">
      <Filter>Header Files</Filter>
    </ClInclude>
    <ClInclude Include="headers\misc\indirectcall.hpp">
      <Filter>Header Files\misc</Filter>
    </ClInclude>
    <ClInclude Include="headers\io\console.hpp">
      <Filter>Header Files\io</Filter>
    </ClInclude>
    <ClInclude Include="headers\graphics\latticedrawer.hpp">
      <Filter>Header Files\graphics</Filter>
    </ClInclude>
    <ClInclude Include="headers\graphics\plotter2D.hpp">
      <Filter>Header Files\graphics</Filter>
    </ClInclude>
    <ClInclude Include="headers\graphics\plot2Dlattice.hpp">
      <Filter>Header Files\graphics</Filter>
    </ClInclude>
    <ClInclude Include="headers\graphics\plot2Daxes.hpp">
      <Filter>Header Files\graphics</Filter>
    </ClInclude>
    <ClInclude Include="headers\graphics\plot2Dgrid.hpp">
      <Filter>Header Files\graphics</Filter>
    </ClInclude>
    <ClInclude Include="headers\graphics\plot2Darray.hpp">
      <Filter>Header Files\graphics</Filter>
    </ClInclude>
    <ClInclude Include="headers\graphics\plot2Dfun.hpp">
      <Filter>Header Files\graphics</Filter>
    </ClInclude>
    <ClInclude Include="headers\graphics\interpolation.hpp">
      <Filter>Header Files\graphics</Filter>
    </ClInclude>
    <ClInclude Include="headers\graphics\plot2Dvector.hpp">
      <Filter>Header Files\graphics</Filter>
    </ClInclude>
    <ClInclude Include="stdafx_mtools.h">
      <Filter>Header Files</Filter>
    </ClInclude>
    <ClInclude Include="headers\maths\sqrmatrix.hpp">
      <Filter>Header Files\maths</Filter>
    </ClInclude>
    <ClInclude Include="headers\containers\bitgraphZ2.hpp">
      <Filter>Header Files\containers</Filter>
    </ClInclude>
    <ClInclude Include="headers\containers\randomurn.hpp">
      <Filter>Header Files\containers</Filter>
    </ClInclude>
    <ClInclude Include="headers\containers\extab.hpp">
      <Filter>Header Files\containers</Filter>
    </ClInclude>
    <ClInclude Include="headers\containers\RWtreegraph.hpp">
      <Filter>Header Files\containers</Filter>
    </ClInclude>
    <ClInclude Include="headers\io\serialization.hpp">
      <Filter>Header Files\io</Filter>
    </ClInclude>
    <ClInclude Include="headers\graphics\planedrawer.hpp">
      <Filter>Header Files\graphics</Filter>
    </ClInclude>
    <ClInclude Include="headers\graphics\plot2Dplane.hpp">
      <Filter>Header Files\graphics</Filter>
    </ClInclude>
    <ClInclude Include="headers\graphics\plot2Dcimg.hpp">
      <Filter>Header Files\graphics</Filter>
    </ClInclude>
    <ClInclude Include="headers\maths\specialFunctions.hpp">
      <Filter>Header Files\maths</Filter>
    </ClInclude>
    <ClInclude Include="headers\io\commandarg.hpp">
      <Filter>Header Files\io</Filter>
    </ClInclude>
    <ClInclude Include="headers\io\watch.hpp">
      <Filter>Header Files\io</Filter>
    </ClInclude>
    <ClInclude Include="headers\maths\box.hpp">
      <Filter>Header Files\maths</Filter>
    </ClInclude>
    <ClInclude Include="headers\graphics\progressimg.hpp">
      <Filter>Header Files\graphics</Filter>
    </ClInclude>
    <ClInclude Include="headers\graphics\pixeldrawer.hpp">
      <Filter>Header Files\graphics</Filter>
    </ClInclude>
    <ClInclude Include="headers\graphics\sitedrawer.hpp">
      <Filter>Header Files\graphics</Filter>
    </ClInclude>
    <ClInclude Include="headers\maths\circlePacking.hpp">
      <Filter>Header Files\maths</Filter>
    </ClInclude>
    <ClInclude Include="headers\random\gen_fastRNG.hpp">
      <Filter>Header Files\random</Filter>
    </ClInclude>
    <ClInclude Include="headers\random\gen_mt2002_32.hpp">
      <Filter>Header Files\random</Filter>
    </ClInclude>
    <ClInclude Include="headers\random\gen_mt2004_64.hpp">
      <Filter>Header Files\random</Filter>
    </ClInclude>
    <ClInclude Include="headers\random\gen_xorgen4096_64.hpp">
      <Filter>Header Files\random</Filter>
    </ClInclude>
    <ClInclude Include="headers\random\krikunlaw.hpp">
      <Filter>Header Files\random</Filter>
    </ClInclude>
    <ClInclude Include="headers\random\SRW.hpp">
      <Filter>Header Files\random</Filter>
    </ClInclude>
    <ClInclude Include="headers\random\classiclaws.hpp">
      <Filter>Header Files\random</Filter>
    </ClInclude>
    <ClInclude Include="headers\maths\dyckword.hpp">
      <Filter>Header Files\maths</Filter>
    </ClInclude>
    <ClInclude Include="headers\maths\combinatorialmap.hpp">
      <Filter>Header Files\maths</Filter>
    </ClInclude>
    <ClInclude Include="headers\maths\permutation.hpp">
      <Filter>Header Files\maths</Filter>
    </ClInclude>
    <ClInclude Include="headers\maths\graph.hpp">
      <Filter>Header Files\maths</Filter>
    </ClInclude>
    <ClInclude Include="headers\misc\tuple.hpp">
      <Filter>Header Files\misc</Filter>
    </ClInclude>
    <ClInclude Include="headers\extensions\openCL.hpp">
      <Filter>Header Files\extensions</Filter>
    </ClInclude>
    <ClInclude Include="headers\maths\mobius.hpp">
      <Filter>Header Files\maths</Filter>
    </ClInclude>
    <ClInclude Include="headers\maths\circle.hpp">
      <Filter>Header Files\maths</Filter>
    </ClInclude>
    <ClInclude Include="headers\random\peelinglaw.hpp">
      <Filter>Header Files\random</Filter>
    </ClInclude>
    <ClInclude Include="headers\maths\combinatorialmap_random_triangulation.hpp">
      <Filter>Header Files\maths</Filter>
    </ClInclude>
    <ClInclude Include="headers\io\serialport.hpp">
      <Filter>Header Files\io</Filter>
    </ClInclude>
    <ClInclude Include="headers\containers\internal\internals_grid.hpp">
      <Filter>Header Files\containers\internal</Filter>
    </ClInclude>
    <ClInclude Include="headers\io\internal\fltkSupervisor.hpp">
      <Filter>Header Files\io\internal</Filter>
    </ClInclude>
    <ClInclude Include="headers\io\internal\internals_serialization.hpp">
      <Filter>Header Files\io\internal</Filter>
    </ClInclude>
    <ClInclude Include="headers\maths\internal\circlePacking.cl.hpp">
      <Filter>Header Files\maths\internal</Filter>
    </ClInclude>
    <ClInclude Include="headers\misc\internal\internals_stringfct.hpp">
      <Filter>Header Files\misc\internal</Filter>
    </ClInclude>
    <ClInclude Include="headers\misc\internal\threadworker.hpp">
      <Filter>Header Files\misc\internal</Filter>
    </ClInclude>
    <ClInclude Include="headers\random\internal\SRW_exitGridZ2_data.hpp">
      <Filter>Header Files\random\internal</Filter>
    </ClInclude>
    <ClInclude Include="headers\graphics\internal\cimgwidget.hpp">
      <Filter>Header Files\graphics\internal</Filter>
    </ClInclude>
    <ClInclude Include="headers\graphics\internal\drawable2DInterface.hpp">
      <Filter>Header Files\graphics\internal</Filter>
    </ClInclude>
    <ClInclude Include="headers\graphics\internal\drawable2Dobject.hpp">
      <Filter>Header Files\graphics\internal</Filter>
    </ClInclude>
    <ClInclude Include="headers\graphics\internal\getcolorselector.hpp">
      <Filter>Header Files\graphics\internal</Filter>
    </ClInclude>
    <ClInclude Include="headers\graphics\internal\plot2Dbasegraph.hpp">
      <Filter>Header Files\graphics\internal</Filter>
    </ClInclude>
    <ClInclude Include="headers\graphics\internal\plotter2Dobj.hpp">
      <Filter>Header Files\graphics\internal</Filter>
    </ClInclude>
    <ClInclude Include="headers\graphics\internal\rangemanager.hpp">
      <Filter>Header Files\graphics\internal</Filter>
    </ClInclude>
    <ClInclude Include="headers\graphics\internal\view2Dwidget.hpp">
      <Filter>Header Files\graphics\internal</Filter>
    </ClInclude>
    <ClInclude Include="headers\misc\internal\forward_fltk.hpp">
      <Filter>Header Files\misc\internal</Filter>
    </ClInclude>
    <ClInclude Include="headers\graphics\plot2Dpixel.hpp">
      <Filter>Header Files\graphics</Filter>
    </ClInclude>
    <ClInclude Include="headers\graphics\internal\rgbc_flcolor.hpp">
      <Filter>Header Files\graphics\internal</Filter>
    </ClInclude>
    <ClInclude Include="headers\graphics\plot2Dmap.hpp">
      <Filter>Header Files\graphics</Filter>
    </ClInclude>
    <ClInclude Include="headers\misc\internal\mtools_export.hpp">
      <Filter>Header Files\misc\internal</Filter>
    </ClInclude>
  </ItemGroup>
  <ItemGroup>
    <ClCompile Include="sources\console.cpp">
      <Filter>Source Files</Filter>
    </ClCompile>
    <ClCompile Include="sources\rgbc.cpp">
      <Filter>Source Files</Filter>
    </ClCompile>
    <ClCompile Include="sources\timefct.cpp">
      <Filter>Source Files</Filter>
    </ClCompile>
    <ClCompile Include="sources\edgesiteimage.cpp">
      <Filter>Source Files</Filter>
    </ClCompile>
    <ClCompile Include="sources\fileio.cpp">
      <Filter>Source Files</Filter>
    </ClCompile>
    <ClCompile Include="sources\stringfct.cpp">
      <Filter>Source Files</Filter>
    </ClCompile>
    <ClCompile Include="sources\simpleBMP.cpp">
      <Filter>Source Files</Filter>
    </ClCompile>
    <ClCompile Include="sources\logfile.cpp">
      <Filter>Source Files</Filter>
    </ClCompile>
    <ClCompile Include="sources\cimgwidget.cpp">
      <Filter>Source Files</Filter>
    </ClCompile>
    <ClCompile Include="sources\rangemanager.cpp">
      <Filter>Source Files</Filter>
    </ClCompile>
    <ClCompile Include="sources\plotter2Dobj.cpp">
      <Filter>Source Files</Filter>
    </ClCompile>
    <ClCompile Include="sources\plotter2D.cpp">
      <Filter>Source Files</Filter>
    </ClCompile>
    <ClCompile Include="sources\view2Dwidget.cpp">
      <Filter>Source Files</Filter>
    </ClCompile>
    <ClCompile Include="sources\drawable2Dobject.cpp">
      <Filter>Source Files</Filter>
    </ClCompile>
    <ClCompile Include="sources\plot2Daxes.cpp">
      <Filter>Source Files</Filter>
    </ClCompile>
    <ClCompile Include="sources\plot2Dgrid.cpp">
      <Filter>Source Files</Filter>
    </ClCompile>
    <ClCompile Include="sources\interpolation.cpp">
      <Filter>Source Files</Filter>
    </ClCompile>
    <ClCompile Include="sources\plot2Dbasegraph.cpp">
      <Filter>Source Files</Filter>
    </ClCompile>
    <ClCompile Include="stdafx_mtools.cpp">
      <Filter>Source Files</Filter>
    </ClCompile>
    <ClCompile Include="sources\error.cpp">
      <Filter>Source Files</Filter>
    </ClCompile>
    <ClCompile Include="sources\watch.cpp">
      <Filter>Source Files</Filter>
    </ClCompile>
    <ClCompile Include="sources\fltkSupervisor.cpp">
      <Filter>Source Files</Filter>
    </ClCompile>
    <ClCompile Include="sources\openCL.cpp">
      <Filter>Source Files</Filter>
    </ClCompile>
    <ClCompile Include="sources\serialport.cpp">
      <Filter>Source Files</Filter>
    </ClCompile>
    <ClCompile Include="sources\serialization.cpp">
      <Filter>Source Files</Filter>
    </ClCompile>
    <ClCompile Include="sources\plot2Dcimg.cpp">
      <Filter>Source Files</Filter>
    </ClCompile>
    <ClCompile Include="sources\plot2Dlattice.cpp">
      <Filter>Source Files</Filter>
    </ClCompile>
  </ItemGroup>
</Project>